// !$*UTF8*$!
{
	archiveVersion = 1;
	classes = {
	};
	objectVersion = 50;
	objects = {

/* Begin PBXBuildFile section */
		95D5A67120E1E61800FF156A /* AppDelegate.swift in Sources */ = {isa = PBXBuildFile; fileRef = 95D5A67020E1E61800FF156A /* AppDelegate.swift */; };
		95D5A67320E1E61800FF156A /* ViewController.swift in Sources */ = {isa = PBXBuildFile; fileRef = 95D5A67220E1E61800FF156A /* ViewController.swift */; };
		95D5A67620E1E61800FF156A /* Main.storyboard in Resources */ = {isa = PBXBuildFile; fileRef = 95D5A67420E1E61800FF156A /* Main.storyboard */; };
		95D5A67820E1E61A00FF156A /* Assets.xcassets in Resources */ = {isa = PBXBuildFile; fileRef = 95D5A67720E1E61A00FF156A /* Assets.xcassets */; };
		95D5A67B20E1E61A00FF156A /* LaunchScreen.storyboard in Resources */ = {isa = PBXBuildFile; fileRef = 95D5A67920E1E61A00FF156A /* LaunchScreen.storyboard */; };
		95D5A68620E1E61A00FF156A /* locationTests.swift in Sources */ = {isa = PBXBuildFile; fileRef = 95D5A68520E1E61A00FF156A /* locationTests.swift */; };
		95D5A69120E1E61A00FF156A /* locationUITests.swift in Sources */ = {isa = PBXBuildFile; fileRef = 95D5A69020E1E61A00FF156A /* locationUITests.swift */; };
/* End PBXBuildFile section */

/* Begin PBXContainerItemProxy section */
		95D5A68220E1E61A00FF156A /* PBXContainerItemProxy */ = {
			isa = PBXContainerItemProxy;
			containerPortal = 95D5A66520E1E61800FF156A /* Project object */;
			proxyType = 1;
			remoteGlobalIDString = 95D5A66C20E1E61800FF156A;
			remoteInfo = location;
		};
		95D5A68D20E1E61A00FF156A /* PBXContainerItemProxy */ = {
			isa = PBXContainerItemProxy;
			containerPortal = 95D5A66520E1E61800FF156A /* Project object */;
			proxyType = 1;
			remoteGlobalIDString = 95D5A66C20E1E61800FF156A;
			remoteInfo = location;
		};
/* End PBXContainerItemProxy section */

/* Begin PBXFileReference section */
		95D5A66D20E1E61800FF156A /* location.app */ = {isa = PBXFileReference; explicitFileType = wrapper.application; includeInIndex = 0; path = location.app; sourceTree = BUILT_PRODUCTS_DIR; };
		95D5A67020E1E61800FF156A /* AppDelegate.swift */ = {isa = PBXFileReference; lastKnownFileType = sourcecode.swift; path = AppDelegate.swift; sourceTree = "<group>"; };
		95D5A67220E1E61800FF156A /* ViewController.swift */ = {isa = PBXFileReference; lastKnownFileType = sourcecode.swift; path = ViewController.swift; sourceTree = "<group>"; };
		95D5A67520E1E61800FF156A /* Base */ = {isa = PBXFileReference; lastKnownFileType = file.storyboard; name = Base; path = Base.lproj/Main.storyboard; sourceTree = "<group>"; };
		95D5A67720E1E61A00FF156A /* Assets.xcassets */ = {isa = PBXFileReference; lastKnownFileType = folder.assetcatalog; path = Assets.xcassets; sourceTree = "<group>"; };
		95D5A67A20E1E61A00FF156A /* Base */ = {isa = PBXFileReference; lastKnownFileType = file.storyboard; name = Base; path = Base.lproj/LaunchScreen.storyboard; sourceTree = "<group>"; };
		95D5A67C20E1E61A00FF156A /* Info.plist */ = {isa = PBXFileReference; lastKnownFileType = text.plist.xml; path = Info.plist; sourceTree = "<group>"; };
		95D5A68120E1E61A00FF156A /* locationTests.xctest */ = {isa = PBXFileReference; explicitFileType = wrapper.cfbundle; includeInIndex = 0; path = locationTests.xctest; sourceTree = BUILT_PRODUCTS_DIR; };
		95D5A68520E1E61A00FF156A /* locationTests.swift */ = {isa = PBXFileReference; lastKnownFileType = sourcecode.swift; path = locationTests.swift; sourceTree = "<group>"; };
		95D5A68720E1E61A00FF156A /* Info.plist */ = {isa = PBXFileReference; lastKnownFileType = text.plist.xml; path = Info.plist; sourceTree = "<group>"; };
		95D5A68C20E1E61A00FF156A /* locationUITests.xctest */ = {isa = PBXFileReference; explicitFileType = wrapper.cfbundle; includeInIndex = 0; path = locationUITests.xctest; sourceTree = BUILT_PRODUCTS_DIR; };
		95D5A69020E1E61A00FF156A /* locationUITests.swift */ = {isa = PBXFileReference; lastKnownFileType = sourcecode.swift; path = locationUITests.swift; sourceTree = "<group>"; };
		95D5A69220E1E61A00FF156A /* Info.plist */ = {isa = PBXFileReference; lastKnownFileType = text.plist.xml; path = Info.plist; sourceTree = "<group>"; };
/* End PBXFileReference section */

/* Begin PBXFrameworksBuildPhase section */
		95D5A66A20E1E61800FF156A /* Frameworks */ = {
			isa = PBXFrameworksBuildPhase;
			buildActionMask = 2147483647;
			files = (
			);
			runOnlyForDeploymentPostprocessing = 0;
		};
		95D5A67E20E1E61A00FF156A /* Frameworks */ = {
			isa = PBXFrameworksBuildPhase;
			buildActionMask = 2147483647;
			files = (
			);
			runOnlyForDeploymentPostprocessing = 0;
		};
		95D5A68920E1E61A00FF156A /* Frameworks */ = {
			isa = PBXFrameworksBuildPhase;
			buildActionMask = 2147483647;
			files = (
			);
			runOnlyForDeploymentPostprocessing = 0;
		};
/* End PBXFrameworksBuildPhase section */

/* Begin PBXGroup section */
		95D5A66420E1E61800FF156A = {
			isa = PBXGroup;
			children = (
				95D5A66F20E1E61800FF156A /* location */,
				95D5A68420E1E61A00FF156A /* locationTests */,
				95D5A68F20E1E61A00FF156A /* locationUITests */,
				95D5A66E20E1E61800FF156A /* Products */,
			);
			sourceTree = "<group>";
		};
		95D5A66E20E1E61800FF156A /* Products */ = {
			isa = PBXGroup;
			children = (
				95D5A66D20E1E61800FF156A /* location.app */,
				95D5A68120E1E61A00FF156A /* locationTests.xctest */,
				95D5A68C20E1E61A00FF156A /* locationUITests.xctest */,
			);
			name = Products;
			sourceTree = "<group>";
		};
		95D5A66F20E1E61800FF156A /* location */ = {
			isa = PBXGroup;
			children = (
				95D5A67020E1E61800FF156A /* AppDelegate.swift */,
				95D5A67220E1E61800FF156A /* ViewController.swift */,
				95D5A67420E1E61800FF156A /* Main.storyboard */,
				95D5A67720E1E61A00FF156A /* Assets.xcassets */,
				95D5A67920E1E61A00FF156A /* LaunchScreen.storyboard */,
				95D5A67C20E1E61A00FF156A /* Info.plist */,
			);
			path = location;
			sourceTree = "<group>";
		};
		95D5A68420E1E61A00FF156A /* locationTests */ = {
			isa = PBXGroup;
			children = (
				95D5A68520E1E61A00FF156A /* locationTests.swift */,
				95D5A68720E1E61A00FF156A /* Info.plist */,
			);
			path = locationTests;
			sourceTree = "<group>";
		};
		95D5A68F20E1E61A00FF156A /* locationUITests */ = {
			isa = PBXGroup;
			children = (
				95D5A69020E1E61A00FF156A /* locationUITests.swift */,
				95D5A69220E1E61A00FF156A /* Info.plist */,
			);
			path = locationUITests;
			sourceTree = "<group>";
		};
/* End PBXGroup section */

/* Begin PBXNativeTarget section */
		95D5A66C20E1E61800FF156A /* location */ = {
			isa = PBXNativeTarget;
			buildConfigurationList = 95D5A69520E1E61A00FF156A /* Build configuration list for PBXNativeTarget "location" */;
			buildPhases = (
				95D5A66920E1E61800FF156A /* Sources */,
				95D5A66A20E1E61800FF156A /* Frameworks */,
				95D5A66B20E1E61800FF156A /* Resources */,
			);
			buildRules = (
			);
			dependencies = (
			);
			name = location;
			productName = location;
			productReference = 95D5A66D20E1E61800FF156A /* location.app */;
			productType = "com.apple.product-type.application";
		};
		95D5A68020E1E61A00FF156A /* locationTests */ = {
			isa = PBXNativeTarget;
			buildConfigurationList = 95D5A69820E1E61A00FF156A /* Build configuration list for PBXNativeTarget "locationTests" */;
			buildPhases = (
				95D5A67D20E1E61A00FF156A /* Sources */,
				95D5A67E20E1E61A00FF156A /* Frameworks */,
				95D5A67F20E1E61A00FF156A /* Resources */,
			);
			buildRules = (
			);
			dependencies = (
				95D5A68320E1E61A00FF156A /* PBXTargetDependency */,
			);
			name = locationTests;
			productName = locationTests;
			productReference = 95D5A68120E1E61A00FF156A /* locationTests.xctest */;
			productType = "com.apple.product-type.bundle.unit-test";
		};
		95D5A68B20E1E61A00FF156A /* locationUITests */ = {
			isa = PBXNativeTarget;
			buildConfigurationList = 95D5A69B20E1E61A00FF156A /* Build configuration list for PBXNativeTarget "locationUITests" */;
			buildPhases = (
				95D5A68820E1E61A00FF156A /* Sources */,
				95D5A68920E1E61A00FF156A /* Frameworks */,
				95D5A68A20E1E61A00FF156A /* Resources */,
			);
			buildRules = (
			);
			dependencies = (
				95D5A68E20E1E61A00FF156A /* PBXTargetDependency */,
			);
			name = locationUITests;
			productName = locationUITests;
			productReference = 95D5A68C20E1E61A00FF156A /* locationUITests.xctest */;
			productType = "com.apple.product-type.bundle.ui-testing";
		};
/* End PBXNativeTarget section */

/* Begin PBXProject section */
		95D5A66520E1E61800FF156A /* Project object */ = {
			isa = PBXProject;
			attributes = {
				LastSwiftUpdateCheck = 0930;
				LastUpgradeCheck = 0930;
				ORGANIZATIONNAME = "Kevin Hagan";
				TargetAttributes = {
					95D5A66C20E1E61800FF156A = {
						CreatedOnToolsVersion = 9.3.1;
					};
					95D5A68020E1E61A00FF156A = {
						CreatedOnToolsVersion = 9.3.1;
						TestTargetID = 95D5A66C20E1E61800FF156A;
					};
					95D5A68B20E1E61A00FF156A = {
						CreatedOnToolsVersion = 9.3.1;
						TestTargetID = 95D5A66C20E1E61800FF156A;
					};
				};
			};
			buildConfigurationList = 95D5A66820E1E61800FF156A /* Build configuration list for PBXProject "location" */;
			compatibilityVersion = "Xcode 9.3";
			developmentRegion = en;
			hasScannedForEncodings = 0;
			knownRegions = (
				en,
				Base,
			);
			mainGroup = 95D5A66420E1E61800FF156A;
			productRefGroup = 95D5A66E20E1E61800FF156A /* Products */;
			projectDirPath = "";
			projectRoot = "";
			targets = (
				95D5A66C20E1E61800FF156A /* location */,
				95D5A68020E1E61A00FF156A /* locationTests */,
				95D5A68B20E1E61A00FF156A /* locationUITests */,
			);
		};
/* End PBXProject section */

/* Begin PBXResourcesBuildPhase section */
		95D5A66B20E1E61800FF156A /* Resources */ = {
			isa = PBXResourcesBuildPhase;
			buildActionMask = 2147483647;
			files = (
				95D5A67B20E1E61A00FF156A /* LaunchScreen.storyboard in Resources */,
				95D5A67820E1E61A00FF156A /* Assets.xcassets in Resources */,
				95D5A67620E1E61800FF156A /* Main.storyboard in Resources */,
			);
			runOnlyForDeploymentPostprocessing = 0;
		};
		95D5A67F20E1E61A00FF156A /* Resources */ = {
			isa = PBXResourcesBuildPhase;
			buildActionMask = 2147483647;
			files = (
			);
			runOnlyForDeploymentPostprocessing = 0;
		};
		95D5A68A20E1E61A00FF156A /* Resources */ = {
			isa = PBXResourcesBuildPhase;
			buildActionMask = 2147483647;
			files = (
			);
			runOnlyForDeploymentPostprocessing = 0;
		};
/* End PBXResourcesBuildPhase section */

/* Begin PBXSourcesBuildPhase section */
		95D5A66920E1E61800FF156A /* Sources */ = {
			isa = PBXSourcesBuildPhase;
			buildActionMask = 2147483647;
			files = (
				95D5A67320E1E61800FF156A /* ViewController.swift in Sources */,
				95D5A67120E1E61800FF156A /* AppDelegate.swift in Sources */,
			);
			runOnlyForDeploymentPostprocessing = 0;
		};
		95D5A67D20E1E61A00FF156A /* Sources */ = {
			isa = PBXSourcesBuildPhase;
			buildActionMask = 2147483647;
			files = (
				95D5A68620E1E61A00FF156A /* locationTests.swift in Sources */,
			);
			runOnlyForDeploymentPostprocessing = 0;
		};
		95D5A68820E1E61A00FF156A /* Sources */ = {
			isa = PBXSourcesBuildPhase;
			buildActionMask = 2147483647;
			files = (
				95D5A69120E1E61A00FF156A /* locationUITests.swift in Sources */,
			);
			runOnlyForDeploymentPostprocessing = 0;
		};
/* End PBXSourcesBuildPhase section */

/* Begin PBXTargetDependency section */
		95D5A68320E1E61A00FF156A /* PBXTargetDependency */ = {
			isa = PBXTargetDependency;
			target = 95D5A66C20E1E61800FF156A /* location */;
			targetProxy = 95D5A68220E1E61A00FF156A /* PBXContainerItemProxy */;
		};
		95D5A68E20E1E61A00FF156A /* PBXTargetDependency */ = {
			isa = PBXTargetDependency;
			target = 95D5A66C20E1E61800FF156A /* location */;
			targetProxy = 95D5A68D20E1E61A00FF156A /* PBXContainerItemProxy */;
		};
/* End PBXTargetDependency section */

/* Begin PBXVariantGroup section */
		95D5A67420E1E61800FF156A /* Main.storyboard */ = {
			isa = PBXVariantGroup;
			children = (
				95D5A67520E1E61800FF156A /* Base */,
			);
			name = Main.storyboard;
			sourceTree = "<group>";
		};
		95D5A67920E1E61A00FF156A /* LaunchScreen.storyboard */ = {
			isa = PBXVariantGroup;
			children = (
				95D5A67A20E1E61A00FF156A /* Base */,
			);
			name = LaunchScreen.storyboard;
			sourceTree = "<group>";
		};
/* End PBXVariantGroup section */

/* Begin XCBuildConfiguration section */
		95D5A69320E1E61A00FF156A /* Debug */ = {
			isa = XCBuildConfiguration;
			buildSettings = {
				ALWAYS_SEARCH_USER_PATHS = NO;
				CLANG_ANALYZER_NONNULL = YES;
				CLANG_ANALYZER_NUMBER_OBJECT_CONVERSION = YES_AGGRESSIVE;
				CLANG_CXX_LANGUAGE_STANDARD = "gnu++14";
				CLANG_CXX_LIBRARY = "libc++";
				CLANG_ENABLE_MODULES = YES;
				CLANG_ENABLE_OBJC_ARC = YES;
				CLANG_ENABLE_OBJC_WEAK = YES;
				CLANG_WARN_BLOCK_CAPTURE_AUTORELEASING = YES;
				CLANG_WARN_BOOL_CONVERSION = YES;
				CLANG_WARN_COMMA = YES;
				CLANG_WARN_CONSTANT_CONVERSION = YES;
				CLANG_WARN_DEPRECATED_OBJC_IMPLEMENTATIONS = YES;
				CLANG_WARN_DIRECT_OBJC_ISA_USAGE = YES_ERROR;
				CLANG_WARN_DOCUMENTATION_COMMENTS = YES;
				CLANG_WARN_EMPTY_BODY = YES;
				CLANG_WARN_ENUM_CONVERSION = YES;
				CLANG_WARN_INFINITE_RECURSION = YES;
				CLANG_WARN_INT_CONVERSION = YES;
				CLANG_WARN_NON_LITERAL_NULL_CONVERSION = YES;
				CLANG_WARN_OBJC_IMPLICIT_RETAIN_SELF = YES;
				CLANG_WARN_OBJC_LITERAL_CONVERSION = YES;
				CLANG_WARN_OBJC_ROOT_CLASS = YES_ERROR;
				CLANG_WARN_RANGE_LOOP_ANALYSIS = YES;
				CLANG_WARN_STRICT_PROTOTYPES = YES;
				CLANG_WARN_SUSPICIOUS_MOVE = YES;
				CLANG_WARN_UNGUARDED_AVAILABILITY = YES_AGGRESSIVE;
				CLANG_WARN_UNREACHABLE_CODE = YES;
				CLANG_WARN__DUPLICATE_METHOD_MATCH = YES;
				CODE_SIGN_IDENTITY = "iPhone Developer";
				COPY_PHASE_STRIP = NO;
				DEBUG_INFORMATION_FORMAT = dwarf;
				ENABLE_STRICT_OBJC_MSGSEND = YES;
				ENABLE_TESTABILITY = YES;
				GCC_C_LANGUAGE_STANDARD = gnu11;
				GCC_DYNAMIC_NO_PIC = NO;
				GCC_NO_COMMON_BLOCKS = YES;
				GCC_OPTIMIZATION_LEVEL = 0;
				GCC_PREPROCESSOR_DEFINITIONS = (
					"DEBUG=1",
					"$(inherited)",
				);
				GCC_WARN_64_TO_32_BIT_CONVERSION = YES;
				GCC_WARN_ABOUT_RETURN_TYPE = YES_ERROR;
				GCC_WARN_UNDECLARED_SELECTOR = YES;
				GCC_WARN_UNINITIALIZED_AUTOS = YES_AGGRESSIVE;
				GCC_WARN_UNUSED_FUNCTION = YES;
				GCC_WARN_UNUSED_VARIABLE = YES;
				IPHONEOS_DEPLOYMENT_TARGET = 11.3;
				MTL_ENABLE_DEBUG_INFO = YES;
				ONLY_ACTIVE_ARCH = YES;
				SDKROOT = iphoneos;
				SWIFT_ACTIVE_COMPILATION_CONDITIONS = DEBUG;
				SWIFT_OPTIMIZATION_LEVEL = "-Onone";
			};
			name = Debug;
		};
		95D5A69420E1E61A00FF156A /* Release */ = {
			isa = XCBuildConfiguration;
			buildSettings = {
				ALWAYS_SEARCH_USER_PATHS = NO;
				CLANG_ANALYZER_NONNULL = YES;
				CLANG_ANALYZER_NUMBER_OBJECT_CONVERSION = YES_AGGRESSIVE;
				CLANG_CXX_LANGUAGE_STANDARD = "gnu++14";
				CLANG_CXX_LIBRARY = "libc++";
				CLANG_ENABLE_MODULES = YES;
				CLANG_ENABLE_OBJC_ARC = YES;
				CLANG_ENABLE_OBJC_WEAK = YES;
				CLANG_WARN_BLOCK_CAPTURE_AUTORELEASING = YES;
				CLANG_WARN_BOOL_CONVERSION = YES;
				CLANG_WARN_COMMA = YES;
				CLANG_WARN_CONSTANT_CONVERSION = YES;
				CLANG_WARN_DEPRECATED_OBJC_IMPLEMENTATIONS = YES;
				CLANG_WARN_DIRECT_OBJC_ISA_USAGE = YES_ERROR;
				CLANG_WARN_DOCUMENTATION_COMMENTS = YES;
				CLANG_WARN_EMPTY_BODY = YES;
				CLANG_WARN_ENUM_CONVERSION = YES;
				CLANG_WARN_INFINITE_RECURSION = YES;
				CLANG_WARN_INT_CONVERSION = YES;
				CLANG_WARN_NON_LITERAL_NULL_CONVERSION = YES;
				CLANG_WARN_OBJC_IMPLICIT_RETAIN_SELF = YES;
				CLANG_WARN_OBJC_LITERAL_CONVERSION = YES;
				CLANG_WARN_OBJC_ROOT_CLASS = YES_ERROR;
				CLANG_WARN_RANGE_LOOP_ANALYSIS = YES;
				CLANG_WARN_STRICT_PROTOTYPES = YES;
				CLANG_WARN_SUSPICIOUS_MOVE = YES;
				CLANG_WARN_UNGUARDED_AVAILABILITY = YES_AGGRESSIVE;
				CLANG_WARN_UNREACHABLE_CODE = YES;
				CLANG_WARN__DUPLICATE_METHOD_MATCH = YES;
				CODE_SIGN_IDENTITY = "iPhone Developer";
				COPY_PHASE_STRIP = NO;
				DEBUG_INFORMATION_FORMAT = "dwarf-with-dsym";
				ENABLE_NS_ASSERTIONS = NO;
				ENABLE_STRICT_OBJC_MSGSEND = YES;
				GCC_C_LANGUAGE_STANDARD = gnu11;
				GCC_NO_COMMON_BLOCKS = YES;
				GCC_WARN_64_TO_32_BIT_CONVERSION = YES;
				GCC_WARN_ABOUT_RETURN_TYPE = YES_ERROR;
				GCC_WARN_UNDECLARED_SELECTOR = YES;
				GCC_WARN_UNINITIALIZED_AUTOS = YES_AGGRESSIVE;
				GCC_WARN_UNUSED_FUNCTION = YES;
				GCC_WARN_UNUSED_VARIABLE = YES;
				IPHONEOS_DEPLOYMENT_TARGET = 11.3;
				MTL_ENABLE_DEBUG_INFO = NO;
				SDKROOT = iphoneos;
				SWIFT_COMPILATION_MODE = wholemodule;
				SWIFT_OPTIMIZATION_LEVEL = "-O";
				VALIDATE_PRODUCT = YES;
			};
			name = Release;
		};
		95D5A69620E1E61A00FF156A /* Debug */ = {
			isa = XCBuildConfiguration;
			buildSettings = {
				ASSETCATALOG_COMPILER_APPICON_NAME = AppIcon;
				CODE_SIGN_STYLE = Automatic;
				INFOPLIST_FILE = location/Info.plist;
				LD_RUNPATH_SEARCH_PATHS = (
					"$(inherited)",
					"@executable_path/Frameworks",
				);
				PRODUCT_BUNDLE_IDENTIFIER = com.muhlenberg.location;
				PRODUCT_NAME = "$(TARGET_NAME)";
				SWIFT_VERSION = 4.0;
				TARGETED_DEVICE_FAMILY = "1,2";
			};
			name = Debug;
		};
		95D5A69720E1E61A00FF156A /* Release */ = {
			isa = XCBuildConfiguration;
			buildSettings = {
				ASSETCATALOG_COMPILER_APPICON_NAME = AppIcon;
				CODE_SIGN_STYLE = Automatic;
				INFOPLIST_FILE = location/Info.plist;
				LD_RUNPATH_SEARCH_PATHS = (
					"$(inherited)",
					"@executable_path/Frameworks",
				);
				PRODUCT_BUNDLE_IDENTIFIER = com.muhlenberg.location;
				PRODUCT_NAME = "$(TARGET_NAME)";
				SWIFT_VERSION = 4.0;
				TARGETED_DEVICE_FAMILY = "1,2";
			};
			name = Release;
		};
		95D5A69920E1E61A00FF156A /* Debug */ = {
			isa = XCBuildConfiguration;
			buildSettings = {
				ALWAYS_EMBED_SWIFT_STANDARD_LIBRARIES = YES;
				BUNDLE_LOADER = "$(TEST_HOST)";
				CODE_SIGN_STYLE = Automatic;
				INFOPLIST_FILE = locationTests/Info.plist;
				LD_RUNPATH_SEARCH_PATHS = (
					"$(inherited)",
					"@executable_path/Frameworks",
					"@loader_path/Frameworks",
				);
				PRODUCT_BUNDLE_IDENTIFIER = com.muhlenberg.locationTests;
				PRODUCT_NAME = "$(TARGET_NAME)";
				SWIFT_VERSION = 4.0;
				TARGETED_DEVICE_FAMILY = "1,2";
				TEST_HOST = "$(BUILT_PRODUCTS_DIR)/location.app/location";
			};
			name = Debug;
		};
		95D5A69A20E1E61A00FF156A /* Release */ = {
			isa = XCBuildConfiguration;
			buildSettings = {
				ALWAYS_EMBED_SWIFT_STANDARD_LIBRARIES = YES;
				BUNDLE_LOADER = "$(TEST_HOST)";
				CODE_SIGN_STYLE = Automatic;
				INFOPLIST_FILE = locationTests/Info.plist;
				LD_RUNPATH_SEARCH_PATHS = (
					"$(inherited)",
					"@executable_path/Frameworks",
					"@loader_path/Frameworks",
				);
				PRODUCT_BUNDLE_IDENTIFIER = com.muhlenberg.locationTests;
				PRODUCT_NAME = "$(TARGET_NAME)";
				SWIFT_VERSION = 4.0;
				TARGETED_DEVICE_FAMILY = "1,2";
				TEST_HOST = "$(BUILT_PRODUCTS_DIR)/location.app/location";
			};
			name = Release;
		};
		95D5A69C20E1E61A00FF156A /* Debug */ = {
			isa = XCBuildConfiguration;
			buildSettings = {
				ALWAYS_EMBED_SWIFT_STANDARD_LIBRARIES = YES;
				CODE_SIGN_STYLE = Automatic;
				INFOPLIST_FILE = locationUITests/Info.plist;
				LD_RUNPATH_SEARCH_PATHS = (
					"$(inherited)",
					"@executable_path/Frameworks",
					"@loader_path/Frameworks",
				);
				PRODUCT_BUNDLE_IDENTIFIER = com.muhlenberg.locationUITests;
				PRODUCT_NAME = "$(TARGET_NAME)";
				SWIFT_VERSION = 4.0;
				TARGETED_DEVICE_FAMILY = "1,2";
				TEST_TARGET_NAME = location;
			};
			name = Debug;
		};
		95D5A69D20E1E61A00FF156A /* Release */ = {
			isa = XCBuildConfiguration;
			buildSettings = {
				ALWAYS_EMBED_SWIFT_STANDARD_LIBRARIES = YES;
				CODE_SIGN_STYLE = Automatic;
				INFOPLIST_FILE = locationUITests/Info.plist;
				LD_RUNPATH_SEARCH_PATHS = (
					"$(inherited)",
					"@executable_path/Frameworks",
					"@loader_path/Frameworks",
				);
				PRODUCT_BUNDLE_IDENTIFIER = com.muhlenberg.locationUITests;
				PRODUCT_NAME = "$(TARGET_NAME)";
				SWIFT_VERSION = 4.0;
				TARGETED_DEVICE_FAMILY = "1,2";
				TEST_TARGET_NAME = location;
			};
			name = Release;
		};
/* End XCBuildConfiguration section */

/* Begin XCConfigurationList section */
		95D5A66820E1E61800FF156A /* Build configuration list for PBXProject "location" */ = {
			isa = XCConfigurationList;
			buildConfigurations = (
				95D5A69320E1E61A00FF156A /* Debug */,
				95D5A69420E1E61A00FF156A /* Release */,
			);
			defaultConfigurationIsVisible = 0;
			defaultConfigurationName = Release;
		};
		95D5A69520E1E61A00FF156A /* Build configuration list for PBXNativeTarget "location" */ = {
			isa = XCConfigurationList;
			buildConfigurations = (
				95D5A69620E1E61A00FF156A /* Debug */,
				95D5A69720E1E61A00FF156A /* Release */,
			);
			defaultConfigurationIsVisible = 0;
			defaultConfigurationName = Release;
		};
		95D5A69820E1E61A00FF156A /* Build configuration list for PBXNativeTarget "locationTests" */ = {
			isa = XCConfigurationList;
			buildConfigurations = (
				95D5A69920E1E61A00FF156A /* Debug */,
				95D5A69A20E1E61A00FF156A /* Release */,
			);
			defaultConfigurationIsVisible = 0;
			defaultConfigurationName = Release;
		};
		95D5A69B20E1E61A00FF156A /* Build configuration list for PBXNativeTarget "locationUITests" */ = {
			isa = XCConfigurationList;
			buildConfigurations = (
				95D5A69C20E1E61A00FF156A /* Debug */,
				95D5A69D20E1E61A00FF156A /* Release */,
			);
			defaultConfigurationIsVisible = 0;
			defaultConfigurationName = Release;
		};
/* End XCConfigurationList section */
	};
	rootObject = 95D5A66520E1E61800FF156A /* Project object */;
}
